// !$*UTF8*$!
{
	archiveVersion = 1;
	classes = {
	};
	objectVersion = 55;
	objects = {

/* Begin PBXBuildFile section */
		71CB215227F1063F002312C7 /* AppDelegate.swift in Sources */ = {isa = PBXBuildFile; fileRef = 71CB215127F1063F002312C7 /* AppDelegate.swift */; };
		71CB215427F1063F002312C7 /* SceneDelegate.swift in Sources */ = {isa = PBXBuildFile; fileRef = 71CB215327F1063F002312C7 /* SceneDelegate.swift */; };
		71CB215C27F1063F002312C7 /* MovieApp.xcdatamodeld in Sources */ = {isa = PBXBuildFile; fileRef = 71CB215A27F1063F002312C7 /* MovieApp.xcdatamodeld */; };
		71CB215E27F10642002312C7 /* Assets.xcassets in Resources */ = {isa = PBXBuildFile; fileRef = 71CB215D27F10642002312C7 /* Assets.xcassets */; };
		71CB216127F10642002312C7 /* LaunchScreen.storyboard in Resources */ = {isa = PBXBuildFile; fileRef = 71CB215F27F10642002312C7 /* LaunchScreen.storyboard */; };
		71CB216C27F10642002312C7 /* MovieAppTests.swift in Sources */ = {isa = PBXBuildFile; fileRef = 71CB216B27F10642002312C7 /* MovieAppTests.swift */; };
		71CB217627F10642002312C7 /* MovieAppUITests.swift in Sources */ = {isa = PBXBuildFile; fileRef = 71CB217527F10642002312C7 /* MovieAppUITests.swift */; };
		71CB217827F10642002312C7 /* MovieAppUITestsLaunchTests.swift in Sources */ = {isa = PBXBuildFile; fileRef = 71CB217727F10642002312C7 /* MovieAppUITestsLaunchTests.swift */; };
		71CB218627F11684002312C7 /* SnapKit in Frameworks */ = {isa = PBXBuildFile; productRef = 71CB218527F11684002312C7 /* SnapKit */; };
		71E7ACC627F23B8400C9C449 /* SFSafeSymbols in Frameworks */ = {isa = PBXBuildFile; productRef = 71E7ACC527F23B8400C9C449 /* SFSafeSymbols */; };
		71E7ACCB27F490D600C9C449 /* ProximaNovaFont.otf in Resources */ = {isa = PBXBuildFile; fileRef = 71E7ACCA27F490D600C9C449 /* ProximaNovaFont.otf */; };
		71E7ACCE27F491C800C9C449 /* UILabelExtension.swift in Sources */ = {isa = PBXBuildFile; fileRef = 71E7ACCD27F491C800C9C449 /* UILabelExtension.swift */; };
		71E7ACD027F497B900C9C449 /* ProximaNovaBold.otf in Resources */ = {isa = PBXBuildFile; fileRef = 71E7ACCF27F497B900C9C449 /* ProximaNovaBold.otf */; };
		71E7ACD227F498E900C9C449 /* UIFontExtension.swift in Sources */ = {isa = PBXBuildFile; fileRef = 71E7ACD127F498E900C9C449 /* UIFontExtension.swift */; };
		E9514BFD5A70A91974142650 /* InitialViewController.swift in Sources */ = {isa = PBXBuildFile; fileRef = E951491783B9F1F1144FA122 /* InitialViewController.swift */; };
/* End PBXBuildFile section */

/* Begin PBXContainerItemProxy section */
		71CB216827F10642002312C7 /* PBXContainerItemProxy */ = {
			isa = PBXContainerItemProxy;
			containerPortal = 71CB214627F1063F002312C7 /* Project object */;
			proxyType = 1;
			remoteGlobalIDString = 71CB214D27F1063F002312C7;
			remoteInfo = MovieApp;
		};
		71CB217227F10642002312C7 /* PBXContainerItemProxy */ = {
			isa = PBXContainerItemProxy;
			containerPortal = 71CB214627F1063F002312C7 /* Project object */;
			proxyType = 1;
			remoteGlobalIDString = 71CB214D27F1063F002312C7;
			remoteInfo = MovieApp;
		};
/* End PBXContainerItemProxy section */

/* Begin PBXFileReference section */
		71CB214E27F1063F002312C7 /* MovieApp.app */ = {isa = PBXFileReference; explicitFileType = wrapper.application; includeInIndex = 0; path = MovieApp.app; sourceTree = BUILT_PRODUCTS_DIR; };
		71CB215127F1063F002312C7 /* AppDelegate.swift */ = {isa = PBXFileReference; lastKnownFileType = sourcecode.swift; path = AppDelegate.swift; sourceTree = "<group>"; };
		71CB215327F1063F002312C7 /* SceneDelegate.swift */ = {isa = PBXFileReference; lastKnownFileType = sourcecode.swift; path = SceneDelegate.swift; sourceTree = "<group>"; };
		71CB215B27F1063F002312C7 /* MovieApp.xcdatamodel */ = {isa = PBXFileReference; lastKnownFileType = wrapper.xcdatamodel; path = MovieApp.xcdatamodel; sourceTree = "<group>"; };
		71CB215D27F10642002312C7 /* Assets.xcassets */ = {isa = PBXFileReference; lastKnownFileType = folder.assetcatalog; path = Assets.xcassets; sourceTree = "<group>"; };
		71CB216027F10642002312C7 /* Base */ = {isa = PBXFileReference; lastKnownFileType = file.storyboard; name = Base; path = Base.lproj/LaunchScreen.storyboard; sourceTree = "<group>"; };
		71CB216227F10642002312C7 /* Info.plist */ = {isa = PBXFileReference; lastKnownFileType = text.plist.xml; path = Info.plist; sourceTree = "<group>"; };
		71CB216727F10642002312C7 /* MovieAppTests.xctest */ = {isa = PBXFileReference; explicitFileType = wrapper.cfbundle; includeInIndex = 0; path = MovieAppTests.xctest; sourceTree = BUILT_PRODUCTS_DIR; };
		71CB216B27F10642002312C7 /* MovieAppTests.swift */ = {isa = PBXFileReference; lastKnownFileType = sourcecode.swift; path = MovieAppTests.swift; sourceTree = "<group>"; };
		71CB217127F10642002312C7 /* MovieAppUITests.xctest */ = {isa = PBXFileReference; explicitFileType = wrapper.cfbundle; includeInIndex = 0; path = MovieAppUITests.xctest; sourceTree = BUILT_PRODUCTS_DIR; };
		71CB217527F10642002312C7 /* MovieAppUITests.swift */ = {isa = PBXFileReference; lastKnownFileType = sourcecode.swift; path = MovieAppUITests.swift; sourceTree = "<group>"; };
		71CB217727F10642002312C7 /* MovieAppUITestsLaunchTests.swift */ = {isa = PBXFileReference; lastKnownFileType = sourcecode.swift; path = MovieAppUITestsLaunchTests.swift; sourceTree = "<group>"; };
		71E7ACCA27F490D600C9C449 /* ProximaNovaFont.otf */ = {isa = PBXFileReference; lastKnownFileType = file; path = ProximaNovaFont.otf; sourceTree = "<group>"; };
		71E7ACCD27F491C800C9C449 /* UILabelExtension.swift */ = {isa = PBXFileReference; lastKnownFileType = sourcecode.swift; path = UILabelExtension.swift; sourceTree = "<group>"; };
		71E7ACCF27F497B900C9C449 /* ProximaNovaBold.otf */ = {isa = PBXFileReference; lastKnownFileType = file; path = ProximaNovaBold.otf; sourceTree = "<group>"; };
		71E7ACD127F498E900C9C449 /* UIFontExtension.swift */ = {isa = PBXFileReference; lastKnownFileType = sourcecode.swift; path = UIFontExtension.swift; sourceTree = "<group>"; };
		E951491783B9F1F1144FA122 /* InitialViewController.swift */ = {isa = PBXFileReference; fileEncoding = 4; lastKnownFileType = sourcecode.swift; path = InitialViewController.swift; sourceTree = "<group>"; };
/* End PBXFileReference section */

/* Begin PBXFrameworksBuildPhase section */
		71CB214B27F1063F002312C7 /* Frameworks */ = {
			isa = PBXFrameworksBuildPhase;
			buildActionMask = 2147483647;
			files = (
				71E7ACC627F23B8400C9C449 /* SFSafeSymbols in Frameworks */,
				71CB218627F11684002312C7 /* SnapKit in Frameworks */,
			);
			runOnlyForDeploymentPostprocessing = 0;
		};
		71CB216427F10642002312C7 /* Frameworks */ = {
			isa = PBXFrameworksBuildPhase;
			buildActionMask = 2147483647;
			files = (
			);
			runOnlyForDeploymentPostprocessing = 0;
		};
		71CB216E27F10642002312C7 /* Frameworks */ = {
			isa = PBXFrameworksBuildPhase;
			buildActionMask = 2147483647;
			files = (
			);
			runOnlyForDeploymentPostprocessing = 0;
		};
/* End PBXFrameworksBuildPhase section */

/* Begin PBXGroup section */
		71CB214527F1063F002312C7 = {
			isa = PBXGroup;
			children = (
				71CB215027F1063F002312C7 /* MovieApp */,
				71CB216A27F10642002312C7 /* MovieAppTests */,
				71CB217427F10642002312C7 /* MovieAppUITests */,
				71CB214F27F1063F002312C7 /* Products */,
			);
			sourceTree = "<group>";
		};
		71CB214F27F1063F002312C7 /* Products */ = {
			isa = PBXGroup;
			children = (
				71CB214E27F1063F002312C7 /* MovieApp.app */,
				71CB216727F10642002312C7 /* MovieAppTests.xctest */,
				71CB217127F10642002312C7 /* MovieAppUITests.xctest */,
			);
			name = Products;
			sourceTree = "<group>";
		};
		71CB215027F1063F002312C7 /* MovieApp */ = {
			isa = PBXGroup;
			children = (
				71E7ACCC27F4911000C9C449 /* fonts */,
				71E7ACC727F48E1100C9C449 /* Extensions */,
				71CB215127F1063F002312C7 /* AppDelegate.swift */,
				71CB215327F1063F002312C7 /* SceneDelegate.swift */,
				71CB215D27F10642002312C7 /* Assets.xcassets */,
				71CB215F27F10642002312C7 /* LaunchScreen.storyboard */,
				71CB216227F10642002312C7 /* Info.plist */,
				71CB215A27F1063F002312C7 /* MovieApp.xcdatamodeld */,
				E951491783B9F1F1144FA122 /* InitialViewController.swift */,
			);
			path = MovieApp;
			sourceTree = "<group>";
		};
		71CB216A27F10642002312C7 /* MovieAppTests */ = {
			isa = PBXGroup;
			children = (
				71CB216B27F10642002312C7 /* MovieAppTests.swift */,
			);
			path = MovieAppTests;
			sourceTree = "<group>";
		};
		71CB217427F10642002312C7 /* MovieAppUITests */ = {
			isa = PBXGroup;
			children = (
				71CB217527F10642002312C7 /* MovieAppUITests.swift */,
				71CB217727F10642002312C7 /* MovieAppUITestsLaunchTests.swift */,
			);
			path = MovieAppUITests;
			sourceTree = "<group>";
		};
		71E7ACC727F48E1100C9C449 /* Extensions */ = {
			isa = PBXGroup;
			children = (
				71E7ACCD27F491C800C9C449 /* UILabelExtension.swift */,
				71E7ACD127F498E900C9C449 /* UIFontExtension.swift */,
			);
			path = Extensions;
			sourceTree = "<group>";
		};
		71E7ACCC27F4911000C9C449 /* fonts */ = {
			isa = PBXGroup;
			children = (
				71E7ACCF27F497B900C9C449 /* ProximaNovaBold.otf */,
				71E7ACCA27F490D600C9C449 /* ProximaNovaFont.otf */,
			);
			path = fonts;
			sourceTree = "<group>";
		};
/* End PBXGroup section */

/* Begin PBXNativeTarget section */
		71CB214D27F1063F002312C7 /* MovieApp */ = {
			isa = PBXNativeTarget;
			buildConfigurationList = 71CB217B27F10642002312C7 /* Build configuration list for PBXNativeTarget "MovieApp" */;
			buildPhases = (
				71CB214A27F1063F002312C7 /* Sources */,
				71CB214B27F1063F002312C7 /* Frameworks */,
				71CB214C27F1063F002312C7 /* Resources */,
			);
			buildRules = (
			);
			dependencies = (
			);
			name = MovieApp;
			packageProductDependencies = (
				71CB218527F11684002312C7 /* SnapKit */,
				71E7ACC527F23B8400C9C449 /* SFSafeSymbols */,
			);
			productName = MovieApp;
			productReference = 71CB214E27F1063F002312C7 /* MovieApp.app */;
			productType = "com.apple.product-type.application";
		};
		71CB216627F10642002312C7 /* MovieAppTests */ = {
			isa = PBXNativeTarget;
			buildConfigurationList = 71CB217E27F10642002312C7 /* Build configuration list for PBXNativeTarget "MovieAppTests" */;
			buildPhases = (
				71CB216327F10642002312C7 /* Sources */,
				71CB216427F10642002312C7 /* Frameworks */,
				71CB216527F10642002312C7 /* Resources */,
			);
			buildRules = (
			);
			dependencies = (
				71CB216927F10642002312C7 /* PBXTargetDependency */,
			);
			name = MovieAppTests;
			productName = MovieAppTests;
			productReference = 71CB216727F10642002312C7 /* MovieAppTests.xctest */;
			productType = "com.apple.product-type.bundle.unit-test";
		};
		71CB217027F10642002312C7 /* MovieAppUITests */ = {
			isa = PBXNativeTarget;
			buildConfigurationList = 71CB218127F10642002312C7 /* Build configuration list for PBXNativeTarget "MovieAppUITests" */;
			buildPhases = (
				71CB216D27F10642002312C7 /* Sources */,
				71CB216E27F10642002312C7 /* Frameworks */,
				71CB216F27F10642002312C7 /* Resources */,
			);
			buildRules = (
			);
			dependencies = (
				71CB217327F10642002312C7 /* PBXTargetDependency */,
			);
			name = MovieAppUITests;
			productName = MovieAppUITests;
			productReference = 71CB217127F10642002312C7 /* MovieAppUITests.xctest */;
			productType = "com.apple.product-type.bundle.ui-testing";
		};
/* End PBXNativeTarget section */

/* Begin PBXProject section */
		71CB214627F1063F002312C7 /* Project object */ = {
			isa = PBXProject;
			attributes = {
				BuildIndependentTargetsInParallel = 1;
				LastSwiftUpdateCheck = 1330;
				LastUpgradeCheck = 1330;
				TargetAttributes = {
					71CB214D27F1063F002312C7 = {
						CreatedOnToolsVersion = 13.3;
					};
					71CB216627F10642002312C7 = {
						CreatedOnToolsVersion = 13.3;
						TestTargetID = 71CB214D27F1063F002312C7;
					};
					71CB217027F10642002312C7 = {
						CreatedOnToolsVersion = 13.3;
						TestTargetID = 71CB214D27F1063F002312C7;
					};
				};
			};
			buildConfigurationList = 71CB214927F1063F002312C7 /* Build configuration list for PBXProject "MovieApp" */;
			compatibilityVersion = "Xcode 13.0";
			developmentRegion = en;
			hasScannedForEncodings = 0;
			knownRegions = (
				en,
				Base,
			);
			mainGroup = 71CB214527F1063F002312C7;
			packageReferences = (
				71CB218427F11684002312C7 /* XCRemoteSwiftPackageReference "SnapKit" */,
				71E7ACC427F23B8400C9C449 /* XCRemoteSwiftPackageReference "SFSafeSymbols" */,
			);
			productRefGroup = 71CB214F27F1063F002312C7 /* Products */;
			projectDirPath = "";
			projectRoot = "";
			targets = (
				71CB214D27F1063F002312C7 /* MovieApp */,
				71CB216627F10642002312C7 /* MovieAppTests */,
				71CB217027F10642002312C7 /* MovieAppUITests */,
			);
		};
/* End PBXProject section */

/* Begin PBXResourcesBuildPhase section */
		71CB214C27F1063F002312C7 /* Resources */ = {
			isa = PBXResourcesBuildPhase;
			buildActionMask = 2147483647;
			files = (
				71CB216127F10642002312C7 /* LaunchScreen.storyboard in Resources */,
				71E7ACD027F497B900C9C449 /* ProximaNovaBold.otf in Resources */,
				71E7ACCB27F490D600C9C449 /* ProximaNovaFont.otf in Resources */,
				71CB215E27F10642002312C7 /* Assets.xcassets in Resources */,
			);
			runOnlyForDeploymentPostprocessing = 0;
		};
		71CB216527F10642002312C7 /* Resources */ = {
			isa = PBXResourcesBuildPhase;
			buildActionMask = 2147483647;
			files = (
			);
			runOnlyForDeploymentPostprocessing = 0;
		};
		71CB216F27F10642002312C7 /* Resources */ = {
			isa = PBXResourcesBuildPhase;
			buildActionMask = 2147483647;
			files = (
			);
			runOnlyForDeploymentPostprocessing = 0;
		};
/* End PBXResourcesBuildPhase section */

/* Begin PBXSourcesBuildPhase section */
		71CB214A27F1063F002312C7 /* Sources */ = {
			isa = PBXSourcesBuildPhase;
			buildActionMask = 2147483647;
			files = (
				71CB215227F1063F002312C7 /* AppDelegate.swift in Sources */,
				71CB215C27F1063F002312C7 /* MovieApp.xcdatamodeld in Sources */,
				71E7ACCE27F491C800C9C449 /* UILabelExtension.swift in Sources */,
				71CB215427F1063F002312C7 /* SceneDelegate.swift in Sources */,
				71E7ACD227F498E900C9C449 /* UIFontExtension.swift in Sources */,
				E9514BFD5A70A91974142650 /* InitialViewController.swift in Sources */,
			);
			runOnlyForDeploymentPostprocessing = 0;
		};
		71CB216327F10642002312C7 /* Sources */ = {
			isa = PBXSourcesBuildPhase;
			buildActionMask = 2147483647;
			files = (
				71CB216C27F10642002312C7 /* MovieAppTests.swift in Sources */,
			);
			runOnlyForDeploymentPostprocessing = 0;
		};
		71CB216D27F10642002312C7 /* Sources */ = {
			isa = PBXSourcesBuildPhase;
			buildActionMask = 2147483647;
			files = (
				71CB217827F10642002312C7 /* MovieAppUITestsLaunchTests.swift in Sources */,
				71CB217627F10642002312C7 /* MovieAppUITests.swift in Sources */,
			);
			runOnlyForDeploymentPostprocessing = 0;
		};
/* End PBXSourcesBuildPhase section */

/* Begin PBXTargetDependency section */
		71CB216927F10642002312C7 /* PBXTargetDependency */ = {
			isa = PBXTargetDependency;
			target = 71CB214D27F1063F002312C7 /* MovieApp */;
			targetProxy = 71CB216827F10642002312C7 /* PBXContainerItemProxy */;
		};
		71CB217327F10642002312C7 /* PBXTargetDependency */ = {
			isa = PBXTargetDependency;
			target = 71CB214D27F1063F002312C7 /* MovieApp */;
			targetProxy = 71CB217227F10642002312C7 /* PBXContainerItemProxy */;
		};
/* End PBXTargetDependency section */

/* Begin PBXVariantGroup section */
		71CB215F27F10642002312C7 /* LaunchScreen.storyboard */ = {
			isa = PBXVariantGroup;
			children = (
				71CB216027F10642002312C7 /* Base */,
			);
			name = LaunchScreen.storyboard;
			sourceTree = "<group>";
		};
/* End PBXVariantGroup section */

/* Begin XCBuildConfiguration section */
		71CB217927F10642002312C7 /* Debug */ = {
			isa = XCBuildConfiguration;
			buildSettings = {
				ALWAYS_SEARCH_USER_PATHS = NO;
				CLANG_ANALYZER_NONNULL = YES;
				CLANG_ANALYZER_NUMBER_OBJECT_CONVERSION = YES_AGGRESSIVE;
				CLANG_CXX_LANGUAGE_STANDARD = "gnu++17";
				CLANG_ENABLE_MODULES = YES;
				CLANG_ENABLE_OBJC_ARC = YES;
				CLANG_ENABLE_OBJC_WEAK = YES;
				CLANG_WARN_BLOCK_CAPTURE_AUTORELEASING = YES;
				CLANG_WARN_BOOL_CONVERSION = YES;
				CLANG_WARN_COMMA = YES;
				CLANG_WARN_CONSTANT_CONVERSION = YES;
				CLANG_WARN_DEPRECATED_OBJC_IMPLEMENTATIONS = YES;
				CLANG_WARN_DIRECT_OBJC_ISA_USAGE = YES_ERROR;
				CLANG_WARN_DOCUMENTATION_COMMENTS = YES;
				CLANG_WARN_EMPTY_BODY = YES;
				CLANG_WARN_ENUM_CONVERSION = YES;
				CLANG_WARN_INFINITE_RECURSION = YES;
				CLANG_WARN_INT_CONVERSION = YES;
				CLANG_WARN_NON_LITERAL_NULL_CONVERSION = YES;
				CLANG_WARN_OBJC_IMPLICIT_RETAIN_SELF = YES;
				CLANG_WARN_OBJC_LITERAL_CONVERSION = YES;
				CLANG_WARN_OBJC_ROOT_CLASS = YES_ERROR;
				CLANG_WARN_QUOTED_INCLUDE_IN_FRAMEWORK_HEADER = YES;
				CLANG_WARN_RANGE_LOOP_ANALYSIS = YES;
				CLANG_WARN_STRICT_PROTOTYPES = YES;
				CLANG_WARN_SUSPICIOUS_MOVE = YES;
				CLANG_WARN_UNGUARDED_AVAILABILITY = YES_AGGRESSIVE;
				CLANG_WARN_UNREACHABLE_CODE = YES;
				CLANG_WARN__DUPLICATE_METHOD_MATCH = YES;
				COPY_PHASE_STRIP = NO;
				DEBUG_INFORMATION_FORMAT = dwarf;
				ENABLE_STRICT_OBJC_MSGSEND = YES;
				ENABLE_TESTABILITY = YES;
				GCC_C_LANGUAGE_STANDARD = gnu11;
				GCC_DYNAMIC_NO_PIC = NO;
				GCC_NO_COMMON_BLOCKS = YES;
				GCC_OPTIMIZATION_LEVEL = 0;
				GCC_PREPROCESSOR_DEFINITIONS = (
					"DEBUG=1",
					"$(inherited)",
				);
				GCC_WARN_64_TO_32_BIT_CONVERSION = YES;
				GCC_WARN_ABOUT_RETURN_TYPE = YES_ERROR;
				GCC_WARN_UNDECLARED_SELECTOR = YES;
				GCC_WARN_UNINITIALIZED_AUTOS = YES_AGGRESSIVE;
				GCC_WARN_UNUSED_FUNCTION = YES;
				GCC_WARN_UNUSED_VARIABLE = YES;
				IPHONEOS_DEPLOYMENT_TARGET = 15.4;
				MTL_ENABLE_DEBUG_INFO = INCLUDE_SOURCE;
				MTL_FAST_MATH = YES;
				ONLY_ACTIVE_ARCH = YES;
				SDKROOT = iphoneos;
				SWIFT_ACTIVE_COMPILATION_CONDITIONS = DEBUG;
				SWIFT_OPTIMIZATION_LEVEL = "-Onone";
			};
			name = Debug;
		};
		71CB217A27F10642002312C7 /* Release */ = {
			isa = XCBuildConfiguration;
			buildSettings = {
				ALWAYS_SEARCH_USER_PATHS = NO;
				CLANG_ANALYZER_NONNULL = YES;
				CLANG_ANALYZER_NUMBER_OBJECT_CONVERSION = YES_AGGRESSIVE;
				CLANG_CXX_LANGUAGE_STANDARD = "gnu++17";
				CLANG_ENABLE_MODULES = YES;
				CLANG_ENABLE_OBJC_ARC = YES;
				CLANG_ENABLE_OBJC_WEAK = YES;
				CLANG_WARN_BLOCK_CAPTURE_AUTORELEASING = YES;
				CLANG_WARN_BOOL_CONVERSION = YES;
				CLANG_WARN_COMMA = YES;
				CLANG_WARN_CONSTANT_CONVERSION = YES;
				CLANG_WARN_DEPRECATED_OBJC_IMPLEMENTATIONS = YES;
				CLANG_WARN_DIRECT_OBJC_ISA_USAGE = YES_ERROR;
				CLANG_WARN_DOCUMENTATION_COMMENTS = YES;
				CLANG_WARN_EMPTY_BODY = YES;
				CLANG_WARN_ENUM_CONVERSION = YES;
				CLANG_WARN_INFINITE_RECURSION = YES;
				CLANG_WARN_INT_CONVERSION = YES;
				CLANG_WARN_NON_LITERAL_NULL_CONVERSION = YES;
				CLANG_WARN_OBJC_IMPLICIT_RETAIN_SELF = YES;
				CLANG_WARN_OBJC_LITERAL_CONVERSION = YES;
				CLANG_WARN_OBJC_ROOT_CLASS = YES_ERROR;
				CLANG_WARN_QUOTED_INCLUDE_IN_FRAMEWORK_HEADER = YES;
				CLANG_WARN_RANGE_LOOP_ANALYSIS = YES;
				CLANG_WARN_STRICT_PROTOTYPES = YES;
				CLANG_WARN_SUSPICIOUS_MOVE = YES;
				CLANG_WARN_UNGUARDED_AVAILABILITY = YES_AGGRESSIVE;
				CLANG_WARN_UNREACHABLE_CODE = YES;
				CLANG_WARN__DUPLICATE_METHOD_MATCH = YES;
				COPY_PHASE_STRIP = NO;
				DEBUG_INFORMATION_FORMAT = "dwarf-with-dsym";
				ENABLE_NS_ASSERTIONS = NO;
				ENABLE_STRICT_OBJC_MSGSEND = YES;
				GCC_C_LANGUAGE_STANDARD = gnu11;
				GCC_NO_COMMON_BLOCKS = YES;
				GCC_WARN_64_TO_32_BIT_CONVERSION = YES;
				GCC_WARN_ABOUT_RETURN_TYPE = YES_ERROR;
				GCC_WARN_UNDECLARED_SELECTOR = YES;
				GCC_WARN_UNINITIALIZED_AUTOS = YES_AGGRESSIVE;
				GCC_WARN_UNUSED_FUNCTION = YES;
				GCC_WARN_UNUSED_VARIABLE = YES;
				IPHONEOS_DEPLOYMENT_TARGET = 15.4;
				MTL_ENABLE_DEBUG_INFO = NO;
				MTL_FAST_MATH = YES;
				SDKROOT = iphoneos;
				SWIFT_COMPILATION_MODE = wholemodule;
				SWIFT_OPTIMIZATION_LEVEL = "-O";
				VALIDATE_PRODUCT = YES;
			};
			name = Release;
		};
		71CB217C27F10642002312C7 /* Debug */ = {
			isa = XCBuildConfiguration;
			buildSettings = {
				ASSETCATALOG_COMPILER_APPICON_NAME = AppIcon;
				ASSETCATALOG_COMPILER_GLOBAL_ACCENT_COLOR_NAME = AccentColor;
				CODE_SIGN_STYLE = Automatic;
				CURRENT_PROJECT_VERSION = 1;
				GENERATE_INFOPLIST_FILE = YES;
				INFOPLIST_FILE = MovieApp/Info.plist;
				INFOPLIST_KEY_UIApplicationSupportsIndirectInputEvents = YES;
				INFOPLIST_KEY_UILaunchStoryboardName = LaunchScreen;
				INFOPLIST_KEY_UISupportedInterfaceOrientations_iPad = "UIInterfaceOrientationPortrait UIInterfaceOrientationPortraitUpsideDown UIInterfaceOrientationLandscapeLeft UIInterfaceOrientationLandscapeRight";
				INFOPLIST_KEY_UISupportedInterfaceOrientations_iPhone = "UIInterfaceOrientationPortrait UIInterfaceOrientationLandscapeLeft UIInterfaceOrientationLandscapeRight";
				LD_RUNPATH_SEARCH_PATHS = (
					"$(inherited)",
					"@executable_path/Frameworks",
				);
				MARKETING_VERSION = 1.0;
				PRODUCT_BUNDLE_IDENTIFIER = com.kjkardum.MovieApp;
				PRODUCT_NAME = "$(TARGET_NAME)";
				SWIFT_EMIT_LOC_STRINGS = YES;
				SWIFT_VERSION = 5.0;
				TARGETED_DEVICE_FAMILY = "1,2";
			};
			name = Debug;
		};
		71CB217D27F10642002312C7 /* Release */ = {
			isa = XCBuildConfiguration;
			buildSettings = {
				ASSETCATALOG_COMPILER_APPICON_NAME = AppIcon;
				ASSETCATALOG_COMPILER_GLOBAL_ACCENT_COLOR_NAME = AccentColor;
				CODE_SIGN_STYLE = Automatic;
				CURRENT_PROJECT_VERSION = 1;
				GENERATE_INFOPLIST_FILE = YES;
				INFOPLIST_FILE = MovieApp/Info.plist;
				INFOPLIST_KEY_UIApplicationSupportsIndirectInputEvents = YES;
				INFOPLIST_KEY_UILaunchStoryboardName = LaunchScreen;
				INFOPLIST_KEY_UISupportedInterfaceOrientations_iPad = "UIInterfaceOrientationPortrait UIInterfaceOrientationPortraitUpsideDown UIInterfaceOrientationLandscapeLeft UIInterfaceOrientationLandscapeRight";
				INFOPLIST_KEY_UISupportedInterfaceOrientations_iPhone = "UIInterfaceOrientationPortrait UIInterfaceOrientationLandscapeLeft UIInterfaceOrientationLandscapeRight";
				LD_RUNPATH_SEARCH_PATHS = (
					"$(inherited)",
					"@executable_path/Frameworks",
				);
				MARKETING_VERSION = 1.0;
				PRODUCT_BUNDLE_IDENTIFIER = com.kjkardum.MovieApp;
				PRODUCT_NAME = "$(TARGET_NAME)";
				SWIFT_EMIT_LOC_STRINGS = YES;
				SWIFT_VERSION = 5.0;
				TARGETED_DEVICE_FAMILY = "1,2";
			};
			name = Release;
		};
		71CB217F27F10642002312C7 /* Debug */ = {
			isa = XCBuildConfiguration;
			buildSettings = {
				ALWAYS_EMBED_SWIFT_STANDARD_LIBRARIES = YES;
				BUNDLE_LOADER = "$(TEST_HOST)";
				CODE_SIGN_STYLE = Automatic;
				CURRENT_PROJECT_VERSION = 1;
				GENERATE_INFOPLIST_FILE = YES;
				IPHONEOS_DEPLOYMENT_TARGET = 15.4;
				MARKETING_VERSION = 1.0;
				PRODUCT_BUNDLE_IDENTIFIER = com.kjkardum.MovieAppTests;
				PRODUCT_NAME = "$(TARGET_NAME)";
				SWIFT_EMIT_LOC_STRINGS = NO;
				SWIFT_VERSION = 5.0;
				TARGETED_DEVICE_FAMILY = "1,2";
				TEST_HOST = "$(BUILT_PRODUCTS_DIR)/MovieApp.app/MovieApp";
			};
			name = Debug;
		};
		71CB218027F10642002312C7 /* Release */ = {
			isa = XCBuildConfiguration;
			buildSettings = {
				ALWAYS_EMBED_SWIFT_STANDARD_LIBRARIES = YES;
				BUNDLE_LOADER = "$(TEST_HOST)";
				CODE_SIGN_STYLE = Automatic;
				CURRENT_PROJECT_VERSION = 1;
				GENERATE_INFOPLIST_FILE = YES;
				IPHONEOS_DEPLOYMENT_TARGET = 15.4;
				MARKETING_VERSION = 1.0;
				PRODUCT_BUNDLE_IDENTIFIER = com.kjkardum.MovieAppTests;
				PRODUCT_NAME = "$(TARGET_NAME)";
				SWIFT_EMIT_LOC_STRINGS = NO;
				SWIFT_VERSION = 5.0;
				TARGETED_DEVICE_FAMILY = "1,2";
				TEST_HOST = "$(BUILT_PRODUCTS_DIR)/MovieApp.app/MovieApp";
			};
			name = Release;
		};
		71CB218227F10642002312C7 /* Debug */ = {
			isa = XCBuildConfiguration;
			buildSettings = {
				ALWAYS_EMBED_SWIFT_STANDARD_LIBRARIES = YES;
				CODE_SIGN_STYLE = Automatic;
				CURRENT_PROJECT_VERSION = 1;
				GENERATE_INFOPLIST_FILE = YES;
				MARKETING_VERSION = 1.0;
				PRODUCT_BUNDLE_IDENTIFIER = com.kjkardum.MovieAppUITests;
				PRODUCT_NAME = "$(TARGET_NAME)";
				SWIFT_EMIT_LOC_STRINGS = NO;
				SWIFT_VERSION = 5.0;
				TARGETED_DEVICE_FAMILY = "1,2";
				TEST_TARGET_NAME = MovieApp;
			};
			name = Debug;
		};
		71CB218327F10642002312C7 /* Release */ = {
			isa = XCBuildConfiguration;
			buildSettings = {
				ALWAYS_EMBED_SWIFT_STANDARD_LIBRARIES = YES;
				CODE_SIGN_STYLE = Automatic;
				CURRENT_PROJECT_VERSION = 1;
				GENERATE_INFOPLIST_FILE = YES;
				MARKETING_VERSION = 1.0;
				PRODUCT_BUNDLE_IDENTIFIER = com.kjkardum.MovieAppUITests;
				PRODUCT_NAME = "$(TARGET_NAME)";
				SWIFT_EMIT_LOC_STRINGS = NO;
				SWIFT_VERSION = 5.0;
				TARGETED_DEVICE_FAMILY = "1,2";
				TEST_TARGET_NAME = MovieApp;
			};
			name = Release;
		};
/* End XCBuildConfiguration section */

/* Begin XCConfigurationList section */
		71CB214927F1063F002312C7 /* Build configuration list for PBXProject "MovieApp" */ = {
			isa = XCConfigurationList;
			buildConfigurations = (
				71CB217927F10642002312C7 /* Debug */,
				71CB217A27F10642002312C7 /* Release */,
			);
			defaultConfigurationIsVisible = 0;
			defaultConfigurationName = Release;
		};
		71CB217B27F10642002312C7 /* Build configuration list for PBXNativeTarget "MovieApp" */ = {
			isa = XCConfigurationList;
			buildConfigurations = (
				71CB217C27F10642002312C7 /* Debug */,
				71CB217D27F10642002312C7 /* Release */,
			);
			defaultConfigurationIsVisible = 0;
			defaultConfigurationName = Release;
		};
		71CB217E27F10642002312C7 /* Build configuration list for PBXNativeTarget "MovieAppTests" */ = {
			isa = XCConfigurationList;
			buildConfigurations = (
				71CB217F27F10642002312C7 /* Debug */,
				71CB218027F10642002312C7 /* Release */,
			);
			defaultConfigurationIsVisible = 0;
			defaultConfigurationName = Release;
		};
		71CB218127F10642002312C7 /* Build configuration list for PBXNativeTarget "MovieAppUITests" */ = {
			isa = XCConfigurationList;
			buildConfigurations = (
				71CB218227F10642002312C7 /* Debug */,
				71CB218327F10642002312C7 /* Release */,
			);
			defaultConfigurationIsVisible = 0;
			defaultConfigurationName = Release;
		};
/* End XCConfigurationList section */

/* Begin XCRemoteSwiftPackageReference section */
		71CB218427F11684002312C7 /* XCRemoteSwiftPackageReference "SnapKit" */ = {
			isa = XCRemoteSwiftPackageReference;
			repositoryURL = "https://github.com/SnapKit/SnapKit.git";
			requirement = {
				kind = upToNextMajorVersion;
				minimumVersion = 5.0.0;
			};
		};
		71E7ACC427F23B8400C9C449 /* XCRemoteSwiftPackageReference "SFSafeSymbols" */ = {
			isa = XCRemoteSwiftPackageReference;
			repositoryURL = "https://github.com/SFSafeSymbols/SFSafeSymbols.git";
			requirement = {
				kind = upToNextMajorVersion;
				minimumVersion = 2.0.0;
			};
		};
/* End XCRemoteSwiftPackageReference section */

/* Begin XCSwiftPackageProductDependency section */
		71CB218527F11684002312C7 /* SnapKit */ = {
			isa = XCSwiftPackageProductDependency;
			package = 71CB218427F11684002312C7 /* XCRemoteSwiftPackageReference "SnapKit" */;
			productName = SnapKit;
		};
		71E7ACC527F23B8400C9C449 /* SFSafeSymbols */ = {
			isa = XCSwiftPackageProductDependency;
			package = 71E7ACC427F23B8400C9C449 /* XCRemoteSwiftPackageReference "SFSafeSymbols" */;
			productName = SFSafeSymbols;
		};
/* End XCSwiftPackageProductDependency section */

/* Begin XCVersionGroup section */
		71CB215A27F1063F002312C7 /* MovieApp.xcdatamodeld */ = {
			isa = XCVersionGroup;
			children = (
				71CB215B27F1063F002312C7 /* MovieApp.xcdatamodel */,
			);
			currentVersion = 71CB215B27F1063F002312C7 /* MovieApp.xcdatamodel */;
			path = MovieApp.xcdatamodeld;
			sourceTree = "<group>";
			versionGroupType = wrapper.xcdatamodel;
		};
/* End XCVersionGroup section */
	};
	rootObject = 71CB214627F1063F002312C7 /* Project object */;
}
